
Microsoft Visual Studio Solution File, Format Version 12.00
# Visual Studio Version 17
VisualStudioVersion = 17.13.35919.96
MinimumVisualStudioVersion = 10.0.40219.1
Project("{FAE04EC0-301F-11D3-BF4B-00C04F79EFBC}") = "SlimeImuProtocol", "SlimeImuProtocol\SlimeImuProtocol.csproj", "{E4339CCE-C3F3-621A-0406-55396CAAC56D}"
EndProject
Project("{FAE04EC0-301F-11D3-BF4B-00C04F79EFBC}") = "EsbImuReceiverToLanAndroid", "EsbImuReceiverToLanAndroid\EsbImuReceiverToLanAndroid.csproj", "{59773771-4E4D-6AA5-A879-F336F0527553}"
EndProject
Global
	GlobalSection(SolutionConfigurationPlatforms) = preSolution
		Debug|Any CPU = Debug|Any CPU
		Release|Any CPU = Release|Any CPU
		Release-Phone|Any CPU = Release-Phone|Any CPU
		Release-Quest|Any CPU = Release-Quest|Any CPU
	EndGlobalSection
	GlobalSection(ProjectConfigurationPlatforms) = postSolution
		{E4339CCE-C3F3-621A-0406-55396CAAC56D}.Debug|Any CPU.ActiveCfg = Debug|Any CPU
		{E4339CCE-C3F3-621A-0406-55396CAAC56D}.Debug|Any CPU.Build.0 = Debug|Any CPU
		{E4339CCE-C3F3-621A-0406-55396CAAC56D}.Release|Any CPU.ActiveCfg = Release|Any CPU
		{E4339CCE-C3F3-621A-0406-55396CAAC56D}.Release|Any CPU.Build.0 = Release|Any CPU
		{E4339CCE-C3F3-621A-0406-55396CAAC56D}.Release-Phone|Any CPU.ActiveCfg = Release|Any CPU
		{E4339CCE-C3F3-621A-0406-55396CAAC56D}.Release-Phone|Any CPU.Build.0 = Release|Any CPU
		{E4339CCE-C3F3-621A-0406-55396CAAC56D}.Release-Quest|Any CPU.ActiveCfg = Release|Any CPU
		{E4339CCE-C3F3-621A-0406-55396CAAC56D}.Release-Quest|Any CPU.Build.0 = Release|Any CPU
		{59773771-4E4D-6AA5-A879-F336F0527553}.Debug|Any CPU.ActiveCfg = Debug|Any CPU
		{59773771-4E4D-6AA5-A879-F336F0527553}.Debug|Any CPU.Build.0 = Debug|Any CPU
		{59773771-4E4D-6AA5-A879-F336F0527553}.Debug|Any CPU.Deploy.0 = Debug|Any CPU
		{59773771-4E4D-6AA5-A879-F336F0527553}.Release|Any CPU.ActiveCfg = Release|Any CPU
		{59773771-4E4D-6AA5-A879-F336F0527553}.Release|Any CPU.Build.0 = Release|Any CPU
		{59773771-4E4D-6AA5-A879-F336F0527553}.Release|Any CPU.Deploy.0 = Release|Any CPU
		{59773771-4E4D-6AA5-A879-F336F0527553}.Release-Phone|Any CPU.ActiveCfg = Release|Any CPU
		{59773771-4E4D-6AA5-A879-F336F0527553}.Release-Phone|Any CPU.Build.0 = Release|Any CPU
		{59773771-4E4D-6AA5-A879-F336F0527553}.Release-Phone|Any CPU.Deploy.0 = Release|Any CPU
		{59773771-4E4D-6AA5-A879-F336F0527553}.Release-Quest|Any CPU.ActiveCfg = Release|Any CPU
		{59773771-4E4D-6AA5-A879-F336F0527553}.Release-Quest|Any CPU.Build.0 = Release|Any CPU
		{59773771-4E4D-6AA5-A879-F336F0527553}.Release-Quest|Any CPU.Deploy.0 = Release|Any CPU
	EndGlobalSection
	GlobalSection(SolutionProperties) = preSolution
		HideSolutionNode = FALSE
	EndGlobalSection
	GlobalSection(ExtensibilityGlobals) = postSolution
		SolutionGuid = {4A5A498F-1D95-4F4A-A9D6-B317BD98FA6F}
	EndGlobalSection
EndGlobal
